
Microsoft Visual Studio Solution File, Format Version 12.00
# Visual Studio Version 17
VisualStudioVersion = 17.5.002.0
MinimumVisualStudioVersion = 10.0.40219.1
Project("{9A19103F-16F7-4668-BE54-9A1E7A4F7556}") = "ejer", "ejer.csproj", "{5682DF6B-D043-4AA4-9B94-57D6FE36F604}"
EndProject
Global
	GlobalSection(SolutionConfigurationPlatforms) = preSolution
		Debug|Any CPU = Debug|Any CPU
		Release|Any CPU = Release|Any CPU
	EndGlobalSection
	GlobalSection(ProjectConfigurationPlatforms) = postSolution
		{5682DF6B-D043-4AA4-9B94-57D6FE36F604}.Debug|Any CPU.ActiveCfg = Debug|Any CPU
		{5682DF6B-D043-4AA4-9B94-57D6FE36F604}.Debug|Any CPU.Build.0 = Debug|Any CPU
		{5682DF6B-D043-4AA4-9B94-57D6FE36F604}.Release|Any CPU.ActiveCfg = Release|Any CPU
		{5682DF6B-D043-4AA4-9B94-57D6FE36F604}.Release|Any CPU.Build.0 = Release|Any CPU
	EndGlobalSection
	GlobalSection(SolutionProperties) = preSolution
		HideSolutionNode = FALSE
	EndGlobalSection
	GlobalSection(ExtensibilityGlobals) = postSolution
		SolutionGuid = {04E12CBF-1404-479B-B136-DEAF0E9973C3}
	EndGlobalSection
EndGlobal
